
Microsoft Visual Studio Solution File, Format Version 12.00
# Visual Studio Version 17
VisualStudioVersion = 17.3.32804.467
MinimumVisualStudioVersion = 10.0.40219.1
Project("{9A19103F-16F7-4668-BE54-9A1E7A4F7556}") = "Batch1-DET-2022", "Batch1-DET-2022\Batch1-DET-2022.csproj", "{72029F11-B575-4E7B-A772-067D6362372F}"
EndProject
Project("{9A19103F-16F7-4668-BE54-9A1E7A4F7556}") = "MyClassLibrary", "MyClassLibrary\MyClassLibrary.csproj", "{2AA72763-6816-4B11-AC85-B5196E3979F7}"
EndProject
Project("{FAE04EC0-301F-11D3-BF4B-00C04F79EFBC}") = "TestProjectForMyLibrary1", "TestProjectForMyLibrary1\TestProjectForMyLibrary1.csproj", "{DB46F40B-B588-4779-8273-8CAD3ADE07BD}"
EndProject
Global
	GlobalSection(SolutionConfigurationPlatforms) = preSolution
		Debug|Any CPU = Debug|Any CPU
		Release|Any CPU = Release|Any CPU
	EndGlobalSection
	GlobalSection(ProjectConfigurationPlatforms) = postSolution
		{72029F11-B575-4E7B-A772-067D6362372F}.Debug|Any CPU.ActiveCfg = Debug|Any CPU
		{72029F11-B575-4E7B-A772-067D6362372F}.Debug|Any CPU.Build.0 = Debug|Any CPU
		{72029F11-B575-4E7B-A772-067D6362372F}.Release|Any CPU.ActiveCfg = Release|Any CPU
		{72029F11-B575-4E7B-A772-067D6362372F}.Release|Any CPU.Build.0 = Release|Any CPU
		{2AA72763-6816-4B11-AC85-B5196E3979F7}.Debug|Any CPU.ActiveCfg = Debug|Any CPU
		{2AA72763-6816-4B11-AC85-B5196E3979F7}.Debug|Any CPU.Build.0 = Debug|Any CPU
		{2AA72763-6816-4B11-AC85-B5196E3979F7}.Release|Any CPU.ActiveCfg = Release|Any CPU
		{2AA72763-6816-4B11-AC85-B5196E3979F7}.Release|Any CPU.Build.0 = Release|Any CPU
		{DB46F40B-B588-4779-8273-8CAD3ADE07BD}.Debug|Any CPU.ActiveCfg = Debug|Any CPU
		{DB46F40B-B588-4779-8273-8CAD3ADE07BD}.Debug|Any CPU.Build.0 = Debug|Any CPU
		{DB46F40B-B588-4779-8273-8CAD3ADE07BD}.Release|Any CPU.ActiveCfg = Release|Any CPU
		{DB46F40B-B588-4779-8273-8CAD3ADE07BD}.Release|Any CPU.Build.0 = Release|Any CPU
	EndGlobalSection
	GlobalSection(SolutionProperties) = preSolution
		HideSolutionNode = FALSE
	EndGlobalSection
	GlobalSection(ExtensibilityGlobals) = postSolution
		SolutionGuid = {9A669DC4-C457-4003-9906-5AA351F3472F}
	EndGlobalSection
EndGlobal
